// !$*UTF8*$!
{
	archiveVersion = 1;
	classes = {
	};
	objectVersion = 46;
	objects = {

/* Begin PBXBuildFile section */
		22AA0C0A1C1997B20053B206 /* main.m in Sources */ = {isa = PBXBuildFile; fileRef = 22AA0C091C1997B20053B206 /* main.m */; };
		22AA0C0D1C1997B20053B206 /* AppDelegate.m in Sources */ = {isa = PBXBuildFile; fileRef = 22AA0C0C1C1997B20053B206 /* AppDelegate.m */; };
		22AA0C101C1997B20053B206 /* ViewController.m in Sources */ = {isa = PBXBuildFile; fileRef = 22AA0C0F1C1997B20053B206 /* ViewController.m */; };
		22AA0C131C1997B20053B206 /* Main.storyboard in Resources */ = {isa = PBXBuildFile; fileRef = 22AA0C111C1997B20053B206 /* Main.storyboard */; };
		22AA0C151C1997B20053B206 /* Assets.xcassets in Resources */ = {isa = PBXBuildFile; fileRef = 22AA0C141C1997B20053B206 /* Assets.xcassets */; };
		22AA0C181C1997B20053B206 /* LaunchScreen.storyboard in Resources */ = {isa = PBXBuildFile; fileRef = 22AA0C161C1997B20053B206 /* LaunchScreen.storyboard */; };
		22AA0C231C1997B30053B206 /* THMarqueeTests.m in Sources */ = {isa = PBXBuildFile; fileRef = 22AA0C221C1997B30053B206 /* THMarqueeTests.m */; };
		22AA0C2E1C1997B30053B206 /* THMarqueeUITests.m in Sources */ = {isa = PBXBuildFile; fileRef = 22AA0C2D1C1997B30053B206 /* THMarqueeUITests.m */; };
		22BA969C1C1A9AEA00B89CEA /* THMarqueeLabel.m in Sources */ = {isa = PBXBuildFile; fileRef = 22BA96991C1A9AEA00B89CEA /* THMarqueeLabel.m */; };
		22BA969D1C1A9AEA00B89CEA /* THMarqueeLabelLayout.m in Sources */ = {isa = PBXBuildFile; fileRef = 22BA969B1C1A9AEA00B89CEA /* THMarqueeLabelLayout.m */; };
/* End PBXBuildFile section */

/* Begin PBXContainerItemProxy section */
		22AA0C1F1C1997B30053B206 /* PBXContainerItemProxy */ = {
			isa = PBXContainerItemProxy;
			containerPortal = 22AA0BFD1C1997B20053B206 /* Project object */;
			proxyType = 1;
			remoteGlobalIDString = 22AA0C041C1997B20053B206;
			remoteInfo = THMarquee;
		};
		22AA0C2A1C1997B30053B206 /* PBXContainerItemProxy */ = {
			isa = PBXContainerItemProxy;
			containerPortal = 22AA0BFD1C1997B20053B206 /* Project object */;
			proxyType = 1;
			remoteGlobalIDString = 22AA0C041C1997B20053B206;
			remoteInfo = THMarquee;
		};
/* End PBXContainerItemProxy section */

/* Begin PBXFileReference section */
		22AA0C051C1997B20053B206 /* THMarquee.app */ = {isa = PBXFileReference; explicitFileType = wrapper.application; includeInIndex = 0; path = THMarquee.app; sourceTree = BUILT_PRODUCTS_DIR; };
		22AA0C091C1997B20053B206 /* main.m */ = {isa = PBXFileReference; lastKnownFileType = sourcecode.c.objc; path = main.m; sourceTree = "<group>"; };
		22AA0C0B1C1997B20053B206 /* AppDelegate.h */ = {isa = PBXFileReference; lastKnownFileType = sourcecode.c.h; path = AppDelegate.h; sourceTree = "<group>"; };
		22AA0C0C1C1997B20053B206 /* AppDelegate.m */ = {isa = PBXFileReference; lastKnownFileType = sourcecode.c.objc; path = AppDelegate.m; sourceTree = "<group>"; };
		22AA0C0E1C1997B20053B206 /* ViewController.h */ = {isa = PBXFileReference; lastKnownFileType = sourcecode.c.h; path = ViewController.h; sourceTree = "<group>"; };
		22AA0C0F1C1997B20053B206 /* ViewController.m */ = {isa = PBXFileReference; lastKnownFileType = sourcecode.c.objc; path = ViewController.m; sourceTree = "<group>"; };
		22AA0C121C1997B20053B206 /* Base */ = {isa = PBXFileReference; lastKnownFileType = file.storyboard; name = Base; path = Base.lproj/Main.storyboard; sourceTree = "<group>"; };
		22AA0C141C1997B20053B206 /* Assets.xcassets */ = {isa = PBXFileReference; lastKnownFileType = folder.assetcatalog; path = Assets.xcassets; sourceTree = "<group>"; };
		22AA0C171C1997B20053B206 /* Base */ = {isa = PBXFileReference; lastKnownFileType = file.storyboard; name = Base; path = Base.lproj/LaunchScreen.storyboard; sourceTree = "<group>"; };
		22AA0C191C1997B20053B206 /* Info.plist */ = {isa = PBXFileReference; lastKnownFileType = text.plist.xml; path = Info.plist; sourceTree = "<group>"; };
		22AA0C1E1C1997B30053B206 /* THMarqueeTests.xctest */ = {isa = PBXFileReference; explicitFileType = wrapper.cfbundle; includeInIndex = 0; path = THMarqueeTests.xctest; sourceTree = BUILT_PRODUCTS_DIR; };
		22AA0C221C1997B30053B206 /* THMarqueeTests.m */ = {isa = PBXFileReference; lastKnownFileType = sourcecode.c.objc; path = THMarqueeTests.m; sourceTree = "<group>"; };
		22AA0C241C1997B30053B206 /* Info.plist */ = {isa = PBXFileReference; lastKnownFileType = text.plist.xml; path = Info.plist; sourceTree = "<group>"; };
		22AA0C291C1997B30053B206 /* THMarqueeUITests.xctest */ = {isa = PBXFileReference; explicitFileType = wrapper.cfbundle; includeInIndex = 0; path = THMarqueeUITests.xctest; sourceTree = BUILT_PRODUCTS_DIR; };
		22AA0C2D1C1997B30053B206 /* THMarqueeUITests.m */ = {isa = PBXFileReference; lastKnownFileType = sourcecode.c.objc; path = THMarqueeUITests.m; sourceTree = "<group>"; };
		22AA0C2F1C1997B30053B206 /* Info.plist */ = {isa = PBXFileReference; lastKnownFileType = text.plist.xml; path = Info.plist; sourceTree = "<group>"; };
		22BA96981C1A9AEA00B89CEA /* THMarqueeLabel.h */ = {isa = PBXFileReference; fileEncoding = 4; lastKnownFileType = sourcecode.c.h; path = THMarqueeLabel.h; sourceTree = "<group>"; };
		22BA96991C1A9AEA00B89CEA /* THMarqueeLabel.m */ = {isa = PBXFileReference; fileEncoding = 4; lastKnownFileType = sourcecode.c.objc; path = THMarqueeLabel.m; sourceTree = "<group>"; };
		22BA969A1C1A9AEA00B89CEA /* THMarqueeLabelLayout.h */ = {isa = PBXFileReference; fileEncoding = 4; lastKnownFileType = sourcecode.c.h; path = THMarqueeLabelLayout.h; sourceTree = "<group>"; };
		22BA969B1C1A9AEA00B89CEA /* THMarqueeLabelLayout.m */ = {isa = PBXFileReference; fileEncoding = 4; lastKnownFileType = sourcecode.c.objc; path = THMarqueeLabelLayout.m; sourceTree = "<group>"; };
/* End PBXFileReference section */

/* Begin PBXFrameworksBuildPhase section */
		22AA0C021C1997B20053B206 /* Frameworks */ = {
			isa = PBXFrameworksBuildPhase;
			buildActionMask = 2147483647;
			files = (
			);
			runOnlyForDeploymentPostprocessing = 0;
		};
		22AA0C1B1C1997B30053B206 /* Frameworks */ = {
			isa = PBXFrameworksBuildPhase;
			buildActionMask = 2147483647;
			files = (
			);
			runOnlyForDeploymentPostprocessing = 0;
		};
		22AA0C261C1997B30053B206 /* Frameworks */ = {
			isa = PBXFrameworksBuildPhase;
			buildActionMask = 2147483647;
			files = (
			);
			runOnlyForDeploymentPostprocessing = 0;
		};
/* End PBXFrameworksBuildPhase section */

/* Begin PBXGroup section */
		22AA0BFC1C1997B20053B206 = {
			isa = PBXGroup;
			children = (
				22AA0C071C1997B20053B206 /* THMarquee */,
				22AA0C211C1997B30053B206 /* THMarqueeTests */,
				22AA0C2C1C1997B30053B206 /* THMarqueeUITests */,
				22AA0C061C1997B20053B206 /* Products */,
			);
			sourceTree = "<group>";
		};
		22AA0C061C1997B20053B206 /* Products */ = {
			isa = PBXGroup;
			children = (
				22AA0C051C1997B20053B206 /* THMarquee.app */,
				22AA0C1E1C1997B30053B206 /* THMarqueeTests.xctest */,
				22AA0C291C1997B30053B206 /* THMarqueeUITests.xctest */,
			);
			name = Products;
			sourceTree = "<group>";
		};
		22AA0C071C1997B20053B206 /* THMarquee */ = {
			isa = PBXGroup;
			children = (
				22AA0C0B1C1997B20053B206 /* AppDelegate.h */,
				22AA0C0C1C1997B20053B206 /* AppDelegate.m */,
				22AA0C0E1C1997B20053B206 /* ViewController.h */,
				22AA0C0F1C1997B20053B206 /* ViewController.m */,
				22BA96901C1A7B5B00B89CEA /* THMarqueeLabel */,
				22AA0C111C1997B20053B206 /* Main.storyboard */,
				22AA0C141C1997B20053B206 /* Assets.xcassets */,
				22AA0C161C1997B20053B206 /* LaunchScreen.storyboard */,
				22AA0C191C1997B20053B206 /* Info.plist */,
				22AA0C081C1997B20053B206 /* Supporting Files */,
			);
			path = THMarquee;
			sourceTree = "<group>";
		};
		22AA0C081C1997B20053B206 /* Supporting Files */ = {
			isa = PBXGroup;
			children = (
				22AA0C091C1997B20053B206 /* main.m */,
			);
			name = "Supporting Files";
			sourceTree = "<group>";
		};
		22AA0C211C1997B30053B206 /* THMarqueeTests */ = {
			isa = PBXGroup;
			children = (
				22AA0C221C1997B30053B206 /* THMarqueeTests.m */,
				22AA0C241C1997B30053B206 /* Info.plist */,
			);
			path = THMarqueeTests;
			sourceTree = "<group>";
		};
		22AA0C2C1C1997B30053B206 /* THMarqueeUITests */ = {
			isa = PBXGroup;
			children = (
				22AA0C2D1C1997B30053B206 /* THMarqueeUITests.m */,
				22AA0C2F1C1997B30053B206 /* Info.plist */,
			);
			path = THMarqueeUITests;
			sourceTree = "<group>";
		};
		22BA96901C1A7B5B00B89CEA /* THMarqueeLabel */ = {
			isa = PBXGroup;
			children = (
				22BA96981C1A9AEA00B89CEA /* THMarqueeLabel.h */,
				22BA96991C1A9AEA00B89CEA /* THMarqueeLabel.m */,
				22BA969A1C1A9AEA00B89CEA /* THMarqueeLabelLayout.h */,
				22BA969B1C1A9AEA00B89CEA /* THMarqueeLabelLayout.m */,
			);
			name = THMarqueeLabel;
			sourceTree = "<group>";
		};
/* End PBXGroup section */

/* Begin PBXNativeTarget section */
		22AA0C041C1997B20053B206 /* THMarquee */ = {
			isa = PBXNativeTarget;
			buildConfigurationList = 22AA0C321C1997B30053B206 /* Build configuration list for PBXNativeTarget "THMarquee" */;
			buildPhases = (
				22AA0C011C1997B20053B206 /* Sources */,
				22AA0C021C1997B20053B206 /* Frameworks */,
				22AA0C031C1997B20053B206 /* Resources */,
			);
			buildRules = (
			);
			dependencies = (
			);
			name = THMarquee;
			productName = THMarquee;
			productReference = 22AA0C051C1997B20053B206 /* THMarquee.app */;
			productType = "com.apple.product-type.application";
		};
		22AA0C1D1C1997B30053B206 /* THMarqueeTests */ = {
			isa = PBXNativeTarget;
			buildConfigurationList = 22AA0C351C1997B30053B206 /* Build configuration list for PBXNativeTarget "THMarqueeTests" */;
			buildPhases = (
				22AA0C1A1C1997B30053B206 /* Sources */,
				22AA0C1B1C1997B30053B206 /* Frameworks */,
				22AA0C1C1C1997B30053B206 /* Resources */,
			);
			buildRules = (
			);
			dependencies = (
				22AA0C201C1997B30053B206 /* PBXTargetDependency */,
			);
			name = THMarqueeTests;
			productName = THMarqueeTests;
			productReference = 22AA0C1E1C1997B30053B206 /* THMarqueeTests.xctest */;
			productType = "com.apple.product-type.bundle.unit-test";
		};
		22AA0C281C1997B30053B206 /* THMarqueeUITests */ = {
			isa = PBXNativeTarget;
			buildConfigurationList = 22AA0C381C1997B30053B206 /* Build configuration list for PBXNativeTarget "THMarqueeUITests" */;
			buildPhases = (
				22AA0C251C1997B30053B206 /* Sources */,
				22AA0C261C1997B30053B206 /* Frameworks */,
				22AA0C271C1997B30053B206 /* Resources */,
			);
			buildRules = (
			);
			dependencies = (
				22AA0C2B1C1997B30053B206 /* PBXTargetDependency */,
			);
			name = THMarqueeUITests;
			productName = THMarqueeUITests;
			productReference = 22AA0C291C1997B30053B206 /* THMarqueeUITests.xctest */;
			productType = "com.apple.product-type.bundle.ui-testing";
		};
/* End PBXNativeTarget section */

/* Begin PBXProject section */
		22AA0BFD1C1997B20053B206 /* Project object */ = {
			isa = PBXProject;
			attributes = {
				LastUpgradeCheck = 0710;
				ORGANIZATIONNAME = TH;
				TargetAttributes = {
					22AA0C041C1997B20053B206 = {
						CreatedOnToolsVersion = 7.1;
					};
					22AA0C1D1C1997B30053B206 = {
						CreatedOnToolsVersion = 7.1;
						TestTargetID = 22AA0C041C1997B20053B206;
					};
					22AA0C281C1997B30053B206 = {
						CreatedOnToolsVersion = 7.1;
						TestTargetID = 22AA0C041C1997B20053B206;
					};
				};
			};
			buildConfigurationList = 22AA0C001C1997B20053B206 /* Build configuration list for PBXProject "THMarquee" */;
			compatibilityVersion = "Xcode 3.2";
			developmentRegion = English;
			hasScannedForEncodings = 0;
			knownRegions = (
				en,
				Base,
			);
			mainGroup = 22AA0BFC1C1997B20053B206;
			productRefGroup = 22AA0C061C1997B20053B206 /* Products */;
			projectDirPath = "";
			projectRoot = "";
			targets = (
				22AA0C041C1997B20053B206 /* THMarquee */,
				22AA0C1D1C1997B30053B206 /* THMarqueeTests */,
				22AA0C281C1997B30053B206 /* THMarqueeUITests */,
			);
		};
/* End PBXProject section */

/* Begin PBXResourcesBuildPhase section */
		22AA0C031C1997B20053B206 /* Resources */ = {
			isa = PBXResourcesBuildPhase;
			buildActionMask = 2147483647;
			files = (
				22AA0C181C1997B20053B206 /* LaunchScreen.storyboard in Resources */,
				22AA0C151C1997B20053B206 /* Assets.xcassets in Resources */,
				22AA0C131C1997B20053B206 /* Main.storyboard in Resources */,
			);
			runOnlyForDeploymentPostprocessing = 0;
		};
		22AA0C1C1C1997B30053B206 /* Resources */ = {
			isa = PBXResourcesBuildPhase;
			buildActionMask = 2147483647;
			files = (
			);
			runOnlyForDeploymentPostprocessing = 0;
		};
		22AA0C271C1997B30053B206 /* Resources */ = {
			isa = PBXResourcesBuildPhase;
			buildActionMask = 2147483647;
			files = (
			);
			runOnlyForDeploymentPostprocessing = 0;
		};
/* End PBXResourcesBuildPhase section */

/* Begin PBXSourcesBuildPhase section */
		22AA0C011C1997B20053B206 /* Sources */ = {
			isa = PBXSourcesBuildPhase;
			buildActionMask = 2147483647;
			files = (
				22AA0C101C1997B20053B206 /* ViewController.m in Sources */,
				22BA969D1C1A9AEA00B89CEA /* THMarqueeLabelLayout.m in Sources */,
				22AA0C0D1C1997B20053B206 /* AppDelegate.m in Sources */,
				22AA0C0A1C1997B20053B206 /* main.m in Sources */,
				22BA969C1C1A9AEA00B89CEA /* THMarqueeLabel.m in Sources */,
			);
			runOnlyForDeploymentPostprocessing = 0;
		};
		22AA0C1A1C1997B30053B206 /* Sources */ = {
			isa = PBXSourcesBuildPhase;
			buildActionMask = 2147483647;
			files = (
				22AA0C231C1997B30053B206 /* THMarqueeTests.m in Sources */,
			);
			runOnlyForDeploymentPostprocessing = 0;
		};
		22AA0C251C1997B30053B206 /* Sources */ = {
			isa = PBXSourcesBuildPhase;
			buildActionMask = 2147483647;
			files = (
				22AA0C2E1C1997B30053B206 /* THMarqueeUITests.m in Sources */,
			);
			runOnlyForDeploymentPostprocessing = 0;
		};
/* End PBXSourcesBuildPhase section */

/* Begin PBXTargetDependency section */
		22AA0C201C1997B30053B206 /* PBXTargetDependency */ = {
			isa = PBXTargetDependency;
			target = 22AA0C041C1997B20053B206 /* THMarquee */;
			targetProxy = 22AA0C1F1C1997B30053B206 /* PBXContainerItemProxy */;
		};
		22AA0C2B1C1997B30053B206 /* PBXTargetDependency */ = {
			isa = PBXTargetDependency;
			target = 22AA0C041C1997B20053B206 /* THMarquee */;
			targetProxy = 22AA0C2A1C1997B30053B206 /* PBXContainerItemProxy */;
		};
/* End PBXTargetDependency section */

/* Begin PBXVariantGroup section */
		22AA0C111C1997B20053B206 /* Main.storyboard */ = {
			isa = PBXVariantGroup;
			children = (
				22AA0C121C1997B20053B206 /* Base */,
			);
			name = Main.storyboard;
			sourceTree = "<group>";
		};
		22AA0C161C1997B20053B206 /* LaunchScreen.storyboard */ = {
			isa = PBXVariantGroup;
			children = (
				22AA0C171C1997B20053B206 /* Base */,
			);
			name = LaunchScreen.storyboard;
			sourceTree = "<group>";
		};
/* End PBXVariantGroup section */

/* Begin XCBuildConfiguration section */
		22AA0C301C1997B30053B206 /* Debug */ = {
			isa = XCBuildConfiguration;
			buildSettings = {
				ALWAYS_SEARCH_USER_PATHS = NO;
				CLANG_CXX_LANGUAGE_STANDARD = "gnu++0x";
				CLANG_CXX_LIBRARY = "libc++";
				CLANG_ENABLE_MODULES = YES;
				CLANG_ENABLE_OBJC_ARC = YES;
				CLANG_WARN_BOOL_CONVERSION = YES;
				CLANG_WARN_CONSTANT_CONVERSION = YES;
				CLANG_WARN_DIRECT_OBJC_ISA_USAGE = YES_ERROR;
				CLANG_WARN_EMPTY_BODY = YES;
				CLANG_WARN_ENUM_CONVERSION = YES;
				CLANG_WARN_INT_CONVERSION = YES;
				CLANG_WARN_OBJC_ROOT_CLASS = YES_ERROR;
				CLANG_WARN_UNREACHABLE_CODE = YES;
				CLANG_WARN__DUPLICATE_METHOD_MATCH = YES;
				"CODE_SIGN_IDENTITY[sdk=iphoneos*]" = "iPhone Developer";
				COPY_PHASE_STRIP = NO;
				DEBUG_INFORMATION_FORMAT = dwarf;
				ENABLE_STRICT_OBJC_MSGSEND = YES;
				ENABLE_TESTABILITY = YES;
				GCC_C_LANGUAGE_STANDARD = gnu99;
				GCC_DYNAMIC_NO_PIC = NO;
				GCC_NO_COMMON_BLOCKS = YES;
				GCC_OPTIMIZATION_LEVEL = 0;
				GCC_PREPROCESSOR_DEFINITIONS = (
					"DEBUG=1",
					"$(inherited)",
				);
				GCC_WARN_64_TO_32_BIT_CONVERSION = YES;
				GCC_WARN_ABOUT_RETURN_TYPE = YES_ERROR;
				GCC_WARN_UNDECLARED_SELECTOR = YES;
				GCC_WARN_UNINITIALIZED_AUTOS = YES_AGGRESSIVE;
				GCC_WARN_UNUSED_FUNCTION = YES;
				GCC_WARN_UNUSED_VARIABLE = YES;
				IPHONEOS_DEPLOYMENT_TARGET = 9.1;
				MTL_ENABLE_DEBUG_INFO = YES;
				ONLY_ACTIVE_ARCH = YES;
				SDKROOT = iphoneos;
			};
			name = Debug;
		};
		22AA0C311C1997B30053B206 /* Release */ = {
			isa = XCBuildConfiguration;
			buildSettings = {
				ALWAYS_SEARCH_USER_PATHS = NO;
				CLANG_CXX_LANGUAGE_STANDARD = "gnu++0x";
				CLANG_CXX_LIBRARY = "libc++";
				CLANG_ENABLE_MODULES = YES;
				CLANG_ENABLE_OBJC_ARC = YES;
				CLANG_WARN_BOOL_CONVERSION = YES;
				CLANG_WARN_CONSTANT_CONVERSION = YES;
				CLANG_WARN_DIRECT_OBJC_ISA_USAGE = YES_ERROR;
				CLANG_WARN_EMPTY_BODY = YES;
				CLANG_WARN_ENUM_CONVERSION = YES;
				CLANG_WARN_INT_CONVERSION = YES;
				CLANG_WARN_OBJC_ROOT_CLASS = YES_ERROR;
				CLANG_WARN_UNREACHABLE_CODE = YES;
				CLANG_WARN__DUPLICATE_METHOD_MATCH = YES;
				"CODE_SIGN_IDENTITY[sdk=iphoneos*]" = "iPhone Developer";
				COPY_PHASE_STRIP = NO;
				DEBUG_INFORMATION_FORMAT = "dwarf-with-dsym";
				ENABLE_NS_ASSERTIONS = NO;
				ENABLE_STRICT_OBJC_MSGSEND = YES;
				GCC_C_LANGUAGE_STANDARD = gnu99;
				GCC_NO_COMMON_BLOCKS = YES;
				GCC_WARN_64_TO_32_BIT_CONVERSION = YES;
				GCC_WARN_ABOUT_RETURN_TYPE = YES_ERROR;
				GCC_WARN_UNDECLARED_SELECTOR = YES;
				GCC_WARN_UNINITIALIZED_AUTOS = YES_AGGRESSIVE;
				GCC_WARN_UNUSED_FUNCTION = YES;
				GCC_WARN_UNUSED_VARIABLE = YES;
				IPHONEOS_DEPLOYMENT_TARGET = 9.1;
				MTL_ENABLE_DEBUG_INFO = NO;
				SDKROOT = iphoneos;
				VALIDATE_PRODUCT = YES;
			};
			name = Release;
		};
		22AA0C331C1997B30053B206 /* Debug */ = {
			isa = XCBuildConfiguration;
			buildSettings = {
				ASSETCATALOG_COMPILER_APPICON_NAME = AppIcon;
				INFOPLIST_FILE = THMarquee/Info.plist;
				LD_RUNPATH_SEARCH_PATHS = "$(inherited) @executable_path/Frameworks";
				PRODUCT_BUNDLE_IDENTIFIER = TH.THMarquee;
				PRODUCT_NAME = "$(TARGET_NAME)";
			};
			name = Debug;
		};
		22AA0C341C1997B30053B206 /* Release */ = {
			isa = XCBuildConfiguration;
			buildSettings = {
				ASSETCATALOG_COMPILER_APPICON_NAME = AppIcon;
				INFOPLIST_FILE = THMarquee/Info.plist;
				LD_RUNPATH_SEARCH_PATHS = "$(inherited) @executable_path/Frameworks";
				PRODUCT_BUNDLE_IDENTIFIER = TH.THMarquee;
				PRODUCT_NAME = "$(TARGET_NAME)";
			};
			name = Release;
		};
		22AA0C361C1997B30053B206 /* Debug */ = {
			isa = XCBuildConfiguration;
			buildSettings = {
				BUNDLE_LOADER = "$(TEST_HOST)";
				INFOPLIST_FILE = THMarqueeTests/Info.plist;
				LD_RUNPATH_SEARCH_PATHS = "$(inherited) @executable_path/Frameworks @loader_path/Frameworks";
				PRODUCT_BUNDLE_IDENTIFIER = TH.THMarqueeTests;
				PRODUCT_NAME = "$(TARGET_NAME)";
				TEST_HOST = "$(BUILT_PRODUCTS_DIR)/THMarquee.app/THMarquee";
			};
			name = Debug;
		};
		22AA0C371C1997B30053B206 /* Release */ = {
			isa = XCBuildConfiguration;
			buildSettings = {
				BUNDLE_LOADER = "$(TEST_HOST)";
				INFOPLIST_FILE = THMarqueeTests/Info.plist;
				LD_RUNPATH_SEARCH_PATHS = "$(inherited) @executable_path/Frameworks @loader_path/Frameworks";
				PRODUCT_BUNDLE_IDENTIFIER = TH.THMarqueeTests;
				PRODUCT_NAME = "$(TARGET_NAME)";
				TEST_HOST = "$(BUILT_PRODUCTS_DIR)/THMarquee.app/THMarquee";
			};
			name = Release;
		};
		22AA0C391C1997B30053B206 /* Debug */ = {
			isa = XCBuildConfiguration;
			buildSettings = {
				INFOPLIST_FILE = THMarqueeUITests/Info.plist;
				LD_RUNPATH_SEARCH_PATHS = "$(inherited) @executable_path/Frameworks @loader_path/Frameworks";
				PRODUCT_BUNDLE_IDENTIFIER = TH.THMarqueeUITests;
				PRODUCT_NAME = "$(TARGET_NAME)";
				TEST_TARGET_NAME = THMarquee;
				USES_XCTRUNNER = YES;
			};
			name = Debug;
		};
		22AA0C3A1C1997B30053B206 /* Release */ = {
			isa = XCBuildConfiguration;
			buildSettings = {
				INFOPLIST_FILE = THMarqueeUITests/Info.plist;
				LD_RUNPATH_SEARCH_PATHS = "$(inherited) @executable_path/Frameworks @loader_path/Frameworks";
				PRODUCT_BUNDLE_IDENTIFIER = TH.THMarqueeUITests;
				PRODUCT_NAME = "$(TARGET_NAME)";
				TEST_TARGET_NAME = THMarquee;
				USES_XCTRUNNER = YES;
			};
			name = Release;
		};
/* End XCBuildConfiguration section */

/* Begin XCConfigurationList section */
		22AA0C001C1997B20053B206 /* Build configuration list for PBXProject "THMarquee" */ = {
			isa = XCConfigurationList;
			buildConfigurations = (
				22AA0C301C1997B30053B206 /* Debug */,
				22AA0C311C1997B30053B206 /* Release */,
			);
			defaultConfigurationIsVisible = 0;
			defaultConfigurationName = Release;
		};
		22AA0C321C1997B30053B206 /* Build configuration list for PBXNativeTarget "THMarquee" */ = {
			isa = XCConfigurationList;
			buildConfigurations = (
				22AA0C331C1997B30053B206 /* Debug */,
				22AA0C341C1997B30053B206 /* Release */,
			);
			defaultConfigurationIsVisible = 0;
			defaultConfigurationName = Release;
		};
		22AA0C351C1997B30053B206 /* Build configuration list for PBXNativeTarget "THMarqueeTests" */ = {
			isa = XCConfigurationList;
			buildConfigurations = (
				22AA0C361C1997B30053B206 /* Debug */,
				22AA0C371C1997B30053B206 /* Release */,
			);
			defaultConfigurationIsVisible = 0;
			defaultConfigurationName = Release;
		};
		22AA0C381C1997B30053B206 /* Build configuration list for PBXNativeTarget "THMarqueeUITests" */ = {
			isa = XCConfigurationList;
			buildConfigurations = (
				22AA0C391C1997B30053B206 /* Debug */,
				22AA0C3A1C1997B30053B206 /* Release */,
			);
			defaultConfigurationIsVisible = 0;
			defaultConfigurationName = Release;
		};
/* End XCConfigurationList section */
	};
	rootObject = 22AA0BFD1C1997B20053B206 /* Project object */;
}
